// !$*UTF8*$!
{
	archiveVersion = 1;
	classes = {
	};
	objectVersion = 46;
	objects = {

/* Begin PBXBuildFile section */
		4642D8DC1CAB072400F1FFF2 /* main.m in Sources */ = {isa = PBXBuildFile; fileRef = 4642D8DB1CAB072400F1FFF2 /* main.m */; };
/* End PBXBuildFile section */

/* Begin PBXCopyFilesBuildPhase section */
		4642D8D61CAB072400F1FFF2 /* CopyFiles */ = {
			isa = PBXCopyFilesBuildPhase;
			buildActionMask = 2147483647;
			dstPath = /usr/share/man/man1/;
			dstSubfolderSpec = 0;
			files = (
			);
			runOnlyForDeploymentPostprocessing = 1;
		};
/* End PBXCopyFilesBuildPhase section */

/* Begin PBXFileReference section */
		4642D8D81CAB072400F1FFF2 /* Mutang */ = {isa = PBXFileReference; explicitFileType = "compiled.mach-o.executable"; includeInIndex = 0; path = Mutang; sourceTree = BUILT_PRODUCTS_DIR; };
		4642D8DB1CAB072400F1FFF2 /* main.m */ = {isa = PBXFileReference; lastKnownFileType = sourcecode.c.objc; path = main.m; sourceTree = "<group>"; };
/* End PBXFileReference section */

/* Begin PBXFrameworksBuildPhase section */
		4642D8D51CAB072400F1FFF2 /* Frameworks */ = {
			isa = PBXFrameworksBuildPhase;
			buildActionMask = 2147483647;
			files = (
			);
			runOnlyForDeploymentPostprocessing = 0;
		};
/* End PBXFrameworksBuildPhase section */

/* Begin PBXGroup section */
		4642D8CF1CAB072400F1FFF2 = {
			isa = PBXGroup;
			children = (
				4642D8DA1CAB072400F1FFF2 /* Mutang */,
				4642D8D91CAB072400F1FFF2 /* Products */,
			);
			sourceTree = "<group>";
		};
		4642D8D91CAB072400F1FFF2 /* Products */ = {
			isa = PBXGroup;
			children = (
				4642D8D81CAB072400F1FFF2 /* Mutang */,
			);
			name = Products;
			sourceTree = "<group>";
		};
		4642D8DA1CAB072400F1FFF2 /* Mutang */ = {
			isa = PBXGroup;
			children = (
				4642D8DB1CAB072400F1FFF2 /* main.m */,
			);
			path = Mutang;
			sourceTree = "<group>";
		};
/* End PBXGroup section */

/* Begin PBXNativeTarget section */
		4642D8D71CAB072400F1FFF2 /* Mutang */ = {
			isa = PBXNativeTarget;
			buildConfigurationList = 4642D8DF1CAB072400F1FFF2 /* Build configuration list for PBXNativeTarget "Mutang" */;
			buildPhases = (
				4642D8D41CAB072400F1FFF2 /* Sources */,
				4642D8D51CAB072400F1FFF2 /* Frameworks */,
				4642D8D61CAB072400F1FFF2 /* CopyFiles */,
			);
			buildRules = (
			);
			dependencies = (
			);
			name = Mutang;
			productName = Mutang;
			productReference = 4642D8D81CAB072400F1FFF2 /* Mutang */;
			productType = "com.apple.product-type.tool";
		};
/* End PBXNativeTarget section */

/* Begin PBXProject section */
		4642D8D01CAB072400F1FFF2 /* Project object */ = {
			isa = PBXProject;
			attributes = {
				LastUpgradeCheck = 0730;
				ORGANIZATIONNAME = lowlevelbits;
				TargetAttributes = {
					4642D8D71CAB072400F1FFF2 = {
						CreatedOnToolsVersion = 7.3;
					};
				};
			};
			buildConfigurationList = 4642D8D31CAB072400F1FFF2 /* Build configuration list for PBXProject "Mutang" */;
			compatibilityVersion = "Xcode 3.2";
			developmentRegion = English;
			hasScannedForEncodings = 0;
			knownRegions = (
				en,
			);
			mainGroup = 4642D8CF1CAB072400F1FFF2;
			productRefGroup = 4642D8D91CAB072400F1FFF2 /* Products */;
			projectDirPath = "";
			projectRoot = "";
			targets = (
				4642D8D71CAB072400F1FFF2 /* Mutang */,
			);
		};
/* End PBXProject section */

/* Begin PBXSourcesBuildPhase section */
		4642D8D41CAB072400F1FFF2 /* Sources */ = {
			isa = PBXSourcesBuildPhase;
			buildActionMask = 2147483647;
			files = (
				4642D8DC1CAB072400F1FFF2 /* main.m in Sources */,
			);
			runOnlyForDeploymentPostprocessing = 0;
		};
/* End PBXSourcesBuildPhase section */

/* Begin XCBuildConfiguration section */
		4642D8DD1CAB072400F1FFF2 /* Debug */ = {
			isa = XCBuildConfiguration;
			buildSettings = {
				ALWAYS_SEARCH_USER_PATHS = NO;
				CLANG_ANALYZER_NONNULL = YES;
				CLANG_CXX_LANGUAGE_STANDARD = "gnu++0x";
				CLANG_CXX_LIBRARY = "libc++";
				CLANG_ENABLE_MODULES = YES;
				CLANG_ENABLE_OBJC_ARC = YES;
				CLANG_WARN_BOOL_CONVERSION = YES;
				CLANG_WARN_CONSTANT_CONVERSION = YES;
				CLANG_WARN_DIRECT_OBJC_ISA_USAGE = YES_ERROR;
				CLANG_WARN_EMPTY_BODY = YES;
				CLANG_WARN_ENUM_CONVERSION = YES;
				CLANG_WARN_INT_CONVERSION = YES;
				CLANG_WARN_OBJC_ROOT_CLASS = YES_ERROR;
				CLANG_WARN_UNREACHABLE_CODE = YES;
				CLANG_WARN__DUPLICATE_METHOD_MATCH = YES;
				CODE_SIGN_IDENTITY = "-";
				COPY_PHASE_STRIP = NO;
				DEBUG_INFORMATION_FORMAT = dwarf;
				ENABLE_STRICT_OBJC_MSGSEND = YES;
				ENABLE_TESTABILITY = YES;
				GCC_C_LANGUAGE_STANDARD = gnu99;
				GCC_DYNAMIC_NO_PIC = NO;
				GCC_NO_COMMON_BLOCKS = YES;
				GCC_OPTIMIZATION_LEVEL = 0;
				GCC_PREPROCESSOR_DEFINITIONS = (
					"DEBUG=1",
					"$(inherited)",
				);
				GCC_WARN_64_TO_32_BIT_CONVERSION = YES;
				GCC_WARN_ABOUT_RETURN_TYPE = YES_ERROR;
				GCC_WARN_UNDECLARED_SELECTOR = YES;
				GCC_WARN_UNINITIALIZED_AUTOS = YES_AGGRESSIVE;
				GCC_WARN_UNUSED_FUNCTION = YES;
				GCC_WARN_UNUSED_VARIABLE = YES;
				LLVM_BUILD_DIR = /Users/alexdenisov/Projects/LLVM/build_static;
				LLVM_LIBS = "-lLLVMX86Disassembler -lLLVMX86AsmParser -lLLVMX86CodeGen -lLLVMSelectionDAG -lLLVMAsmPrinter -lLLVMDebugInfoCodeView -lLLVMCodeGen -lLLVMScalarOpts -lLLVMInstCombine -lLLVMInstrumentation -lLLVMProfileData -lLLVMTransformUtils -lLLVMBitWriter -lLLVMX86Desc -lLLVMMCDisassembler -lLLVMX86Info -lLLVMX86AsmPrinter -lLLVMX86Utils -lLLVMMCJIT -lLLVMExecutionEngine -lLLVMTarget -lLLVMAnalysis -lLLVMRuntimeDyld -lLLVMObject -lLLVMMCParser -lLLVMBitReader -lLLVMMC -lLLVMCore -lLLVMSupport -lLLVMLinker";
				LLVM_SOURCE_DIR = /Users/alexdenisov/Projects/LLVM/llvm;
				MACOSX_DEPLOYMENT_TARGET = 10.11;
				MTL_ENABLE_DEBUG_INFO = YES;
				ONLY_ACTIVE_ARCH = YES;
				SDKROOT = macosx;
			};
			name = Debug;
		};
		4642D8DE1CAB072400F1FFF2 /* Release */ = {
			isa = XCBuildConfiguration;
			buildSettings = {
				ALWAYS_SEARCH_USER_PATHS = NO;
				CLANG_ANALYZER_NONNULL = YES;
				CLANG_CXX_LANGUAGE_STANDARD = "gnu++0x";
				CLANG_CXX_LIBRARY = "libc++";
				CLANG_ENABLE_MODULES = YES;
				CLANG_ENABLE_OBJC_ARC = YES;
				CLANG_WARN_BOOL_CONVERSION = YES;
				CLANG_WARN_CONSTANT_CONVERSION = YES;
				CLANG_WARN_DIRECT_OBJC_ISA_USAGE = YES_ERROR;
				CLANG_WARN_EMPTY_BODY = YES;
				CLANG_WARN_ENUM_CONVERSION = YES;
				CLANG_WARN_INT_CONVERSION = YES;
				CLANG_WARN_OBJC_ROOT_CLASS = YES_ERROR;
				CLANG_WARN_UNREACHABLE_CODE = YES;
				CLANG_WARN__DUPLICATE_METHOD_MATCH = YES;
				CODE_SIGN_IDENTITY = "-";
				COPY_PHASE_STRIP = NO;
				DEBUG_INFORMATION_FORMAT = "dwarf-with-dsym";
				ENABLE_NS_ASSERTIONS = NO;
				ENABLE_STRICT_OBJC_MSGSEND = YES;
				GCC_C_LANGUAGE_STANDARD = gnu99;
				GCC_NO_COMMON_BLOCKS = YES;
				GCC_WARN_64_TO_32_BIT_CONVERSION = YES;
				GCC_WARN_ABOUT_RETURN_TYPE = YES_ERROR;
				GCC_WARN_UNDECLARED_SELECTOR = YES;
				GCC_WARN_UNINITIALIZED_AUTOS = YES_AGGRESSIVE;
				GCC_WARN_UNUSED_FUNCTION = YES;
				GCC_WARN_UNUSED_VARIABLE = YES;
				LLVM_BUILD_DIR = /Users/alexdenisov/Projects/LLVM/build_static;
				LLVM_LIBS = "-lLLVMX86Disassembler -lLLVMX86AsmParser -lLLVMX86CodeGen -lLLVMSelectionDAG -lLLVMAsmPrinter -lLLVMDebugInfoCodeView -lLLVMCodeGen -lLLVMScalarOpts -lLLVMInstCombine -lLLVMInstrumentation -lLLVMProfileData -lLLVMTransformUtils -lLLVMBitWriter -lLLVMX86Desc -lLLVMMCDisassembler -lLLVMX86Info -lLLVMX86AsmPrinter -lLLVMX86Utils -lLLVMMCJIT -lLLVMExecutionEngine -lLLVMTarget -lLLVMAnalysis -lLLVMRuntimeDyld -lLLVMObject -lLLVMMCParser -lLLVMBitReader -lLLVMMC -lLLVMCore -lLLVMSupport -lLLVMLinker";
				LLVM_SOURCE_DIR = /Users/alexdenisov/Projects/LLVM/llvm;
				MACOSX_DEPLOYMENT_TARGET = 10.11;
				MTL_ENABLE_DEBUG_INFO = NO;
				SDKROOT = macosx;
			};
			name = Release;
		};
		4642D8E01CAB072400F1FFF2 /* Debug */ = {
			isa = XCBuildConfiguration;
			buildSettings = {
				GCC_PREPROCESSOR_DEFINITIONS = (
					__STDC_CONSTANT_MACROS,
					__STDC_LIMIT_MACROS,
				);
				LIBRARY_SEARCH_PATHS = "$(LLVM_BUILD_DIR)/lib";
				OTHER_LDFLAGS = (
					"$(LLVM_LIBS)",
					"-lc++",
					"-lz",
					"-ltermcap",
				);
				PRODUCT_NAME = "$(TARGET_NAME)";
				USER_HEADER_SEARCH_PATHS = "$(LLVM_SOURCE_DIR)/include $(LLVM_BUILD_DIR)/include";
			};
			name = Debug;
		};
		4642D8E11CAB072400F1FFF2 /* Release */ = {
			isa = XCBuildConfiguration;
			buildSettings = {
				GCC_PREPROCESSOR_DEFINITIONS = (
					__STDC_CONSTANT_MACROS,
					__STDC_LIMIT_MACROS,
				);
				LIBRARY_SEARCH_PATHS = "$(LLVM_BUILD_DIR)/lib";
				OTHER_LDFLAGS = (
					"$(LLVM_LIBS)",
					"-lc++",
					"-lz",
					"-ltermcap",
				);
				PRODUCT_NAME = "$(TARGET_NAME)";
				USER_HEADER_SEARCH_PATHS = "$(LLVM_SOURCE_DIR)/include $(LLVM_BUILD_DIR)/include";
			};
			name = Release;
		};
/* End XCBuildConfiguration section */

/* Begin XCConfigurationList section */
		4642D8D31CAB072400F1FFF2 /* Build configuration list for PBXProject "Mutang" */ = {
			isa = XCConfigurationList;
			buildConfigurations = (
				4642D8DD1CAB072400F1FFF2 /* Debug */,
				4642D8DE1CAB072400F1FFF2 /* Release */,
			);
			defaultConfigurationIsVisible = 0;
			defaultConfigurationName = Release;
		};
		4642D8DF1CAB072400F1FFF2 /* Build configuration list for PBXNativeTarget "Mutang" */ = {
			isa = XCConfigurationList;
			buildConfigurations = (
				4642D8E01CAB072400F1FFF2 /* Debug */,
				4642D8E11CAB072400F1FFF2 /* Release */,
			);
			defaultConfigurationIsVisible = 0;
			defaultConfigurationName = Release;
		};
/* End XCConfigurationList section */
	};
	rootObject = 4642D8D01CAB072400F1FFF2 /* Project object */;
}
